
Microsoft Visual Studio Solution File, Format Version 12.00
# Visual Studio 15
VisualStudioVersion = 15.0.26730.12
MinimumVisualStudioVersion = 10.0.40219.1
Project("{2150E333-8FDC-42A3-9474-1A3956D46DE8}") = "BrilliantSDK.Library", "BrilliantSDK.Library", "{CF1F76E2-A010-4EEF-8FC0-1B0E627350AE}"
EndProject
Project("{2150E333-8FDC-42A3-9474-1A3956D46DE8}") = "BrilliantSDK.Examples", "BrilliantSDK.Examples", "{B88C311E-4516-4C46-B03E-3229D87324AB}"
EndProject
Project("{2150E333-8FDC-42A3-9474-1A3956D46DE8}") = "Demo", "Demo", "{22336269-8E2B-4C55-AA20-1017384D0CB8}"
EndProject
Project("{2150E333-8FDC-42A3-9474-1A3956D46DE8}") = "ORM", "ORM", "{381B15FE-96ED-4A76-B02B-A153BDCB4E82}"
EndProject
Project("{2150E333-8FDC-42A3-9474-1A3956D46DE8}") = "UI", "UI", "{07352470-4E84-4409-B7A0-8A37F0C29E14}"
EndProject
Project("{2150E333-8FDC-42A3-9474-1A3956D46DE8}") = "BrilliantSDK.Tools", "BrilliantSDK.Tools", "{C48D5AE7-25E6-4755-9751-5DC7CE9C2FCD}"
EndProject
Project("{2150E333-8FDC-42A3-9474-1A3956D46DE8}") = "LogTool", "LogTool", "{F61BCBD1-87CC-41A4-ABB2-FDA817F9C9E6}"
EndProject
Project("{2150E333-8FDC-42A3-9474-1A3956D46DE8}") = "Generator", "Generator", "{A01B0425-EAE4-4736-85E1-AA1BC88DDAB6}"
EndProject
Project("{2150E333-8FDC-42A3-9474-1A3956D46DE8}") = "Utility", "Utility", "{8D87595B-477C-46F0-A7E7-62A24F0E20B7}"
EndProject
Project("{2150E333-8FDC-42A3-9474-1A3956D46DE8}") = "CodeTool", "CodeTool", "{5F95D5F8-2D6B-4A70-9477-B3CFCCDDEEB9}"
EndProject
Project("{2150E333-8FDC-42A3-9474-1A3956D46DE8}") = "TestTool", "TestTool", "{2840CD55-EE1A-4265-A16C-35CB0866C42F}"
EndProject
Project("{2150E333-8FDC-42A3-9474-1A3956D46DE8}") = "Service", "Service", "{3C69514D-FAA5-41CA-8CF2-6D5CD09DFD29}"
EndProject
Project("{FAE04EC0-301F-11D3-BF4B-00C04F79EFBC}") = "Brilliant.Data", "Brilliant.Data\Brilliant.Data.csproj", "{F70E4A84-DE64-4DBA-877C-16767C7D2515}"
EndProject
Project("{FAE04EC0-301F-11D3-BF4B-00C04F79EFBC}") = "LogViewer", "LogViewer\LogViewer.csproj", "{0CC9F0E6-9CF2-4B65-9B13-5AA93D686E09}"
EndProject
Project("{FAE04EC0-301F-11D3-BF4B-00C04F79EFBC}") = "Brilliant.Data.Provider.MySql", "Brilliant.Data.Provider.MySql\Brilliant.Data.Provider.MySql.csproj", "{A0C736B0-48D0-4AA6-AE3D-8D3760ECDFD2}"
EndProject
Project("{FAE04EC0-301F-11D3-BF4B-00C04F79EFBC}") = "Brilliant.Data.Provider.Oracle", "Brilliant.Data.Provider.Oracle\Brilliant.Data.Provider.Oracle.csproj", "{D89D846B-8263-4C1E-8326-928DB245516D}"
EndProject
Project("{FAE04EC0-301F-11D3-BF4B-00C04F79EFBC}") = "Brilliant.Data.Provider.SQLite", "Brilliant.Data.Provider.SQLite\Brilliant.Data.Provider.SQLite.csproj", "{C33A4B8D-B261-4BDB-8D9F-DE6FE18801DC}"
EndProject
Project("{FAE04EC0-301F-11D3-BF4B-00C04F79EFBC}") = "Brilliant.Web.UI", "Brilliant.Web.UI\Brilliant.Web.UI.csproj", "{3889A31C-F770-4CBB-9515-DAD317D43508}"
EndProject
Project("{FAE04EC0-301F-11D3-BF4B-00C04F79EFBC}") = "Brilliant.Utility", "Brilliant.Utility\Brilliant.Utility.csproj", "{78B88AED-BFE1-4FFA-974E-B3667A805EF4}"
EndProject
Project("{FAE04EC0-301F-11D3-BF4B-00C04F79EFBC}") = "ProjectStudio", "ProjectStudio\ProjectStudio.csproj", "{A7D92A0A-0F18-441A-9EE3-457A9BCCF588}"
EndProject
Project("{FAE04EC0-301F-11D3-BF4B-00C04F79EFBC}") = "RunTester", "RunTester\RunTester.csproj", "{78F5D383-AF31-461F-9D2E-CFBC0BDC5502}"
EndProject
Project("{FAE04EC0-301F-11D3-BF4B-00C04F79EFBC}") = "Brilliant.Service.RTX", "Brilliant.Service.RTX\Brilliant.Service.RTX.csproj", "{5170D1F7-01AF-49E9-93AE-B8E18D5332B4}"
EndProject
Project("{FAE04EC0-301F-11D3-BF4B-00C04F79EFBC}") = "Brilliant.Service.WX", "Brilliant.Service.WX\Brilliant.Service.WX.csproj", "{31EF9C3F-9804-4656-BE0A-AB2F388F2E13}"
EndProject
Project("{FAE04EC0-301F-11D3-BF4B-00C04F79EFBC}") = "WXDemo", "WXDemo\WXDemo.csproj", "{B889CBD9-CDFE-4FBD-8416-CFFAC6A08BB9}"
EndProject
Global
	GlobalSection(SubversionScc) = preSolution
		Svn-Managed = True
		Manager = AnkhSVN - Subversion Support for Visual Studio
	EndGlobalSection
	GlobalSection(SolutionConfigurationPlatforms) = preSolution
		Debug|Any CPU = Debug|Any CPU
		Debug|Mixed Platforms = Debug|Mixed Platforms
		Debug|x86 = Debug|x86
		Release|Any CPU = Release|Any CPU
		Release|Mixed Platforms = Release|Mixed Platforms
		Release|x86 = Release|x86
	EndGlobalSection
	GlobalSection(ProjectConfigurationPlatforms) = postSolution
		{F70E4A84-DE64-4DBA-877C-16767C7D2515}.Debug|Any CPU.ActiveCfg = Debug|Any CPU
		{F70E4A84-DE64-4DBA-877C-16767C7D2515}.Debug|Any CPU.Build.0 = Debug|Any CPU
		{F70E4A84-DE64-4DBA-877C-16767C7D2515}.Debug|Mixed Platforms.ActiveCfg = Debug|Any CPU
		{F70E4A84-DE64-4DBA-877C-16767C7D2515}.Debug|Mixed Platforms.Build.0 = Debug|Any CPU
		{F70E4A84-DE64-4DBA-877C-16767C7D2515}.Debug|x86.ActiveCfg = Debug|Any CPU
		{F70E4A84-DE64-4DBA-877C-16767C7D2515}.Release|Any CPU.ActiveCfg = Release|Any CPU
		{F70E4A84-DE64-4DBA-877C-16767C7D2515}.Release|Any CPU.Build.0 = Release|Any CPU
		{F70E4A84-DE64-4DBA-877C-16767C7D2515}.Release|Mixed Platforms.ActiveCfg = Release|Any CPU
		{F70E4A84-DE64-4DBA-877C-16767C7D2515}.Release|Mixed Platforms.Build.0 = Release|Any CPU
		{F70E4A84-DE64-4DBA-877C-16767C7D2515}.Release|x86.ActiveCfg = Release|Any CPU
		{0CC9F0E6-9CF2-4B65-9B13-5AA93D686E09}.Debug|Any CPU.ActiveCfg = Debug|Any CPU
		{0CC9F0E6-9CF2-4B65-9B13-5AA93D686E09}.Debug|Any CPU.Build.0 = Debug|Any CPU
		{0CC9F0E6-9CF2-4B65-9B13-5AA93D686E09}.Debug|Mixed Platforms.ActiveCfg = Debug|Any CPU
		{0CC9F0E6-9CF2-4B65-9B13-5AA93D686E09}.Debug|Mixed Platforms.Build.0 = Debug|Any CPU
		{0CC9F0E6-9CF2-4B65-9B13-5AA93D686E09}.Debug|x86.ActiveCfg = Debug|Any CPU
		{0CC9F0E6-9CF2-4B65-9B13-5AA93D686E09}.Release|Any CPU.ActiveCfg = Release|Any CPU
		{0CC9F0E6-9CF2-4B65-9B13-5AA93D686E09}.Release|Any CPU.Build.0 = Release|Any CPU
		{0CC9F0E6-9CF2-4B65-9B13-5AA93D686E09}.Release|Mixed Platforms.ActiveCfg = Release|Any CPU
		{0CC9F0E6-9CF2-4B65-9B13-5AA93D686E09}.Release|Mixed Platforms.Build.0 = Release|Any CPU
		{0CC9F0E6-9CF2-4B65-9B13-5AA93D686E09}.Release|x86.ActiveCfg = Release|Any CPU
		{A0C736B0-48D0-4AA6-AE3D-8D3760ECDFD2}.Debug|Any CPU.ActiveCfg = Debug|Any CPU
		{A0C736B0-48D0-4AA6-AE3D-8D3760ECDFD2}.Debug|Any CPU.Build.0 = Debug|Any CPU
		{A0C736B0-48D0-4AA6-AE3D-8D3760ECDFD2}.Debug|Mixed Platforms.ActiveCfg = Debug|Any CPU
		{A0C736B0-48D0-4AA6-AE3D-8D3760ECDFD2}.Debug|Mixed Platforms.Build.0 = Debug|Any CPU
		{A0C736B0-48D0-4AA6-AE3D-8D3760ECDFD2}.Debug|x86.ActiveCfg = Debug|Any CPU
		{A0C736B0-48D0-4AA6-AE3D-8D3760ECDFD2}.Release|Any CPU.ActiveCfg = Release|Any CPU
		{A0C736B0-48D0-4AA6-AE3D-8D3760ECDFD2}.Release|Any CPU.Build.0 = Release|Any CPU
		{A0C736B0-48D0-4AA6-AE3D-8D3760ECDFD2}.Release|Mixed Platforms.ActiveCfg = Release|Any CPU
		{A0C736B0-48D0-4AA6-AE3D-8D3760ECDFD2}.Release|Mixed Platforms.Build.0 = Release|Any CPU
		{A0C736B0-48D0-4AA6-AE3D-8D3760ECDFD2}.Release|x86.ActiveCfg = Release|Any CPU
		{D89D846B-8263-4C1E-8326-928DB245516D}.Debug|Any CPU.ActiveCfg = Debug|Any CPU
		{D89D846B-8263-4C1E-8326-928DB245516D}.Debug|Any CPU.Build.0 = Debug|Any CPU
		{D89D846B-8263-4C1E-8326-928DB245516D}.Debug|Mixed Platforms.ActiveCfg = Debug|Any CPU
		{D89D846B-8263-4C1E-8326-928DB245516D}.Debug|Mixed Platforms.Build.0 = Debug|Any CPU
		{D89D846B-8263-4C1E-8326-928DB245516D}.Debug|x86.ActiveCfg = Debug|Any CPU
		{D89D846B-8263-4C1E-8326-928DB245516D}.Release|Any CPU.ActiveCfg = Release|Any CPU
		{D89D846B-8263-4C1E-8326-928DB245516D}.Release|Any CPU.Build.0 = Release|Any CPU
		{D89D846B-8263-4C1E-8326-928DB245516D}.Release|Mixed Platforms.ActiveCfg = Release|Any CPU
		{D89D846B-8263-4C1E-8326-928DB245516D}.Release|Mixed Platforms.Build.0 = Release|Any CPU
		{D89D846B-8263-4C1E-8326-928DB245516D}.Release|x86.ActiveCfg = Release|Any CPU
		{C33A4B8D-B261-4BDB-8D9F-DE6FE18801DC}.Debug|Any CPU.ActiveCfg = Debug|Any CPU
		{C33A4B8D-B261-4BDB-8D9F-DE6FE18801DC}.Debug|Any CPU.Build.0 = Debug|Any CPU
		{C33A4B8D-B261-4BDB-8D9F-DE6FE18801DC}.Debug|Mixed Platforms.ActiveCfg = Debug|Any CPU
		{C33A4B8D-B261-4BDB-8D9F-DE6FE18801DC}.Debug|Mixed Platforms.Build.0 = Debug|Any CPU
		{C33A4B8D-B261-4BDB-8D9F-DE6FE18801DC}.Debug|x86.ActiveCfg = Debug|Any CPU
		{C33A4B8D-B261-4BDB-8D9F-DE6FE18801DC}.Release|Any CPU.ActiveCfg = Release|Any CPU
		{C33A4B8D-B261-4BDB-8D9F-DE6FE18801DC}.Release|Any CPU.Build.0 = Release|Any CPU
		{C33A4B8D-B261-4BDB-8D9F-DE6FE18801DC}.Release|Mixed Platforms.ActiveCfg = Release|Any CPU
		{C33A4B8D-B261-4BDB-8D9F-DE6FE18801DC}.Release|Mixed Platforms.Build.0 = Release|Any CPU
		{C33A4B8D-B261-4BDB-8D9F-DE6FE18801DC}.Release|x86.ActiveCfg = Release|Any CPU
		{3889A31C-F770-4CBB-9515-DAD317D43508}.Debug|Any CPU.ActiveCfg = Debug|Any CPU
		{3889A31C-F770-4CBB-9515-DAD317D43508}.Debug|Any CPU.Build.0 = Debug|Any CPU
		{3889A31C-F770-4CBB-9515-DAD317D43508}.Debug|Mixed Platforms.ActiveCfg = Debug|Any CPU
		{3889A31C-F770-4CBB-9515-DAD317D43508}.Debug|Mixed Platforms.Build.0 = Debug|Any CPU
		{3889A31C-F770-4CBB-9515-DAD317D43508}.Debug|x86.ActiveCfg = Debug|Any CPU
		{3889A31C-F770-4CBB-9515-DAD317D43508}.Release|Any CPU.ActiveCfg = Release|Any CPU
		{3889A31C-F770-4CBB-9515-DAD317D43508}.Release|Any CPU.Build.0 = Release|Any CPU
		{3889A31C-F770-4CBB-9515-DAD317D43508}.Release|Mixed Platforms.ActiveCfg = Release|Any CPU
		{3889A31C-F770-4CBB-9515-DAD317D43508}.Release|Mixed Platforms.Build.0 = Release|Any CPU
		{3889A31C-F770-4CBB-9515-DAD317D43508}.Release|x86.ActiveCfg = Release|Any CPU
		{78B88AED-BFE1-4FFA-974E-B3667A805EF4}.Debug|Any CPU.ActiveCfg = Debug|Any CPU
		{78B88AED-BFE1-4FFA-974E-B3667A805EF4}.Debug|Any CPU.Build.0 = Debug|Any CPU
		{78B88AED-BFE1-4FFA-974E-B3667A805EF4}.Debug|Mixed Platforms.ActiveCfg = Debug|Any CPU
		{78B88AED-BFE1-4FFA-974E-B3667A805EF4}.Debug|Mixed Platforms.Build.0 = Debug|Any CPU
		{78B88AED-BFE1-4FFA-974E-B3667A805EF4}.Debug|x86.ActiveCfg = Debug|Any CPU
		{78B88AED-BFE1-4FFA-974E-B3667A805EF4}.Release|Any CPU.ActiveCfg = Release|Any CPU
		{78B88AED-BFE1-4FFA-974E-B3667A805EF4}.Release|Any CPU.Build.0 = Release|Any CPU
		{78B88AED-BFE1-4FFA-974E-B3667A805EF4}.Release|Mixed Platforms.ActiveCfg = Release|Any CPU
		{78B88AED-BFE1-4FFA-974E-B3667A805EF4}.Release|Mixed Platforms.Build.0 = Release|Any CPU
		{78B88AED-BFE1-4FFA-974E-B3667A805EF4}.Release|x86.ActiveCfg = Release|Any CPU
		{A7D92A0A-0F18-441A-9EE3-457A9BCCF588}.Debug|Any CPU.ActiveCfg = Debug|Any CPU
		{A7D92A0A-0F18-441A-9EE3-457A9BCCF588}.Debug|Any CPU.Build.0 = Debug|Any CPU
		{A7D92A0A-0F18-441A-9EE3-457A9BCCF588}.Debug|Mixed Platforms.ActiveCfg = Debug|Any CPU
		{A7D92A0A-0F18-441A-9EE3-457A9BCCF588}.Debug|Mixed Platforms.Build.0 = Debug|Any CPU
		{A7D92A0A-0F18-441A-9EE3-457A9BCCF588}.Debug|x86.ActiveCfg = Debug|Any CPU
		{A7D92A0A-0F18-441A-9EE3-457A9BCCF588}.Release|Any CPU.ActiveCfg = Release|Any CPU
		{A7D92A0A-0F18-441A-9EE3-457A9BCCF588}.Release|Any CPU.Build.0 = Release|Any CPU
		{A7D92A0A-0F18-441A-9EE3-457A9BCCF588}.Release|Mixed Platforms.ActiveCfg = Release|Any CPU
		{A7D92A0A-0F18-441A-9EE3-457A9BCCF588}.Release|Mixed Platforms.Build.0 = Release|Any CPU
		{A7D92A0A-0F18-441A-9EE3-457A9BCCF588}.Release|x86.ActiveCfg = Release|Any CPU
		{78F5D383-AF31-461F-9D2E-CFBC0BDC5502}.Debug|Any CPU.ActiveCfg = Debug|x86
		{78F5D383-AF31-461F-9D2E-CFBC0BDC5502}.Debug|Mixed Platforms.ActiveCfg = Debug|x86
		{78F5D383-AF31-461F-9D2E-CFBC0BDC5502}.Debug|Mixed Platforms.Build.0 = Debug|x86
		{78F5D383-AF31-461F-9D2E-CFBC0BDC5502}.Debug|x86.ActiveCfg = Debug|x86
		{78F5D383-AF31-461F-9D2E-CFBC0BDC5502}.Debug|x86.Build.0 = Debug|x86
		{78F5D383-AF31-461F-9D2E-CFBC0BDC5502}.Release|Any CPU.ActiveCfg = Release|x86
		{78F5D383-AF31-461F-9D2E-CFBC0BDC5502}.Release|Mixed Platforms.ActiveCfg = Release|x86
		{78F5D383-AF31-461F-9D2E-CFBC0BDC5502}.Release|Mixed Platforms.Build.0 = Release|x86
		{78F5D383-AF31-461F-9D2E-CFBC0BDC5502}.Release|x86.ActiveCfg = Release|x86
		{78F5D383-AF31-461F-9D2E-CFBC0BDC5502}.Release|x86.Build.0 = Release|x86
		{5170D1F7-01AF-49E9-93AE-B8E18D5332B4}.Debug|Any CPU.ActiveCfg = Debug|Any CPU
		{5170D1F7-01AF-49E9-93AE-B8E18D5332B4}.Debug|Any CPU.Build.0 = Debug|Any CPU
		{5170D1F7-01AF-49E9-93AE-B8E18D5332B4}.Debug|Mixed Platforms.ActiveCfg = Debug|Any CPU
		{5170D1F7-01AF-49E9-93AE-B8E18D5332B4}.Debug|Mixed Platforms.Build.0 = Debug|Any CPU
		{5170D1F7-01AF-49E9-93AE-B8E18D5332B4}.Debug|x86.ActiveCfg = Debug|Any CPU
		{5170D1F7-01AF-49E9-93AE-B8E18D5332B4}.Release|Any CPU.ActiveCfg = Release|Any CPU
		{5170D1F7-01AF-49E9-93AE-B8E18D5332B4}.Release|Any CPU.Build.0 = Release|Any CPU
		{5170D1F7-01AF-49E9-93AE-B8E18D5332B4}.Release|Mixed Platforms.ActiveCfg = Release|Any CPU
		{5170D1F7-01AF-49E9-93AE-B8E18D5332B4}.Release|Mixed Platforms.Build.0 = Release|Any CPU
		{5170D1F7-01AF-49E9-93AE-B8E18D5332B4}.Release|x86.ActiveCfg = Release|Any CPU
		{31EF9C3F-9804-4656-BE0A-AB2F388F2E13}.Debug|Any CPU.ActiveCfg = Debug|Any CPU
		{31EF9C3F-9804-4656-BE0A-AB2F388F2E13}.Debug|Any CPU.Build.0 = Debug|Any CPU
		{31EF9C3F-9804-4656-BE0A-AB2F388F2E13}.Debug|Mixed Platforms.ActiveCfg = Debug|Any CPU
		{31EF9C3F-9804-4656-BE0A-AB2F388F2E13}.Debug|Mixed Platforms.Build.0 = Debug|Any CPU
		{31EF9C3F-9804-4656-BE0A-AB2F388F2E13}.Debug|x86.ActiveCfg = Debug|Any CPU
		{31EF9C3F-9804-4656-BE0A-AB2F388F2E13}.Debug|x86.Build.0 = Debug|Any CPU
		{31EF9C3F-9804-4656-BE0A-AB2F388F2E13}.Release|Any CPU.ActiveCfg = Release|Any CPU
		{31EF9C3F-9804-4656-BE0A-AB2F388F2E13}.Release|Any CPU.Build.0 = Release|Any CPU
		{31EF9C3F-9804-4656-BE0A-AB2F388F2E13}.Release|Mixed Platforms.ActiveCfg = Release|Any CPU
		{31EF9C3F-9804-4656-BE0A-AB2F388F2E13}.Release|Mixed Platforms.Build.0 = Release|Any CPU
		{31EF9C3F-9804-4656-BE0A-AB2F388F2E13}.Release|x86.ActiveCfg = Release|Any CPU
		{31EF9C3F-9804-4656-BE0A-AB2F388F2E13}.Release|x86.Build.0 = Release|Any CPU
		{B889CBD9-CDFE-4FBD-8416-CFFAC6A08BB9}.Debug|Any CPU.ActiveCfg = Debug|Any CPU
		{B889CBD9-CDFE-4FBD-8416-CFFAC6A08BB9}.Debug|Any CPU.Build.0 = Debug|Any CPU
		{B889CBD9-CDFE-4FBD-8416-CFFAC6A08BB9}.Debug|Mixed Platforms.ActiveCfg = Debug|Any CPU
		{B889CBD9-CDFE-4FBD-8416-CFFAC6A08BB9}.Debug|Mixed Platforms.Build.0 = Debug|Any CPU
		{B889CBD9-CDFE-4FBD-8416-CFFAC6A08BB9}.Debug|x86.ActiveCfg = Debug|Any CPU
		{B889CBD9-CDFE-4FBD-8416-CFFAC6A08BB9}.Debug|x86.Build.0 = Debug|Any CPU
		{B889CBD9-CDFE-4FBD-8416-CFFAC6A08BB9}.Release|Any CPU.ActiveCfg = Release|Any CPU
		{B889CBD9-CDFE-4FBD-8416-CFFAC6A08BB9}.Release|Any CPU.Build.0 = Release|Any CPU
		{B889CBD9-CDFE-4FBD-8416-CFFAC6A08BB9}.Release|Mixed Platforms.ActiveCfg = Release|Any CPU
		{B889CBD9-CDFE-4FBD-8416-CFFAC6A08BB9}.Release|Mixed Platforms.Build.0 = Release|Any CPU
		{B889CBD9-CDFE-4FBD-8416-CFFAC6A08BB9}.Release|x86.ActiveCfg = Release|Any CPU
		{B889CBD9-CDFE-4FBD-8416-CFFAC6A08BB9}.Release|x86.Build.0 = Release|Any CPU
	EndGlobalSection
	GlobalSection(SolutionProperties) = preSolution
		HideSolutionNode = FALSE
	EndGlobalSection
	GlobalSection(NestedProjects) = preSolution
		{22336269-8E2B-4C55-AA20-1017384D0CB8} = {B88C311E-4516-4C46-B03E-3229D87324AB}
		{381B15FE-96ED-4A76-B02B-A153BDCB4E82} = {CF1F76E2-A010-4EEF-8FC0-1B0E627350AE}
		{07352470-4E84-4409-B7A0-8A37F0C29E14} = {CF1F76E2-A010-4EEF-8FC0-1B0E627350AE}
		{F61BCBD1-87CC-41A4-ABB2-FDA817F9C9E6} = {C48D5AE7-25E6-4755-9751-5DC7CE9C2FCD}
		{A01B0425-EAE4-4736-85E1-AA1BC88DDAB6} = {CF1F76E2-A010-4EEF-8FC0-1B0E627350AE}
		{8D87595B-477C-46F0-A7E7-62A24F0E20B7} = {CF1F76E2-A010-4EEF-8FC0-1B0E627350AE}
		{5F95D5F8-2D6B-4A70-9477-B3CFCCDDEEB9} = {C48D5AE7-25E6-4755-9751-5DC7CE9C2FCD}
		{2840CD55-EE1A-4265-A16C-35CB0866C42F} = {C48D5AE7-25E6-4755-9751-5DC7CE9C2FCD}
		{3C69514D-FAA5-41CA-8CF2-6D5CD09DFD29} = {CF1F76E2-A010-4EEF-8FC0-1B0E627350AE}
		{F70E4A84-DE64-4DBA-877C-16767C7D2515} = {381B15FE-96ED-4A76-B02B-A153BDCB4E82}
		{0CC9F0E6-9CF2-4B65-9B13-5AA93D686E09} = {F61BCBD1-87CC-41A4-ABB2-FDA817F9C9E6}
		{A0C736B0-48D0-4AA6-AE3D-8D3760ECDFD2} = {381B15FE-96ED-4A76-B02B-A153BDCB4E82}
		{D89D846B-8263-4C1E-8326-928DB245516D} = {381B15FE-96ED-4A76-B02B-A153BDCB4E82}
		{C33A4B8D-B261-4BDB-8D9F-DE6FE18801DC} = {381B15FE-96ED-4A76-B02B-A153BDCB4E82}
		{3889A31C-F770-4CBB-9515-DAD317D43508} = {07352470-4E84-4409-B7A0-8A37F0C29E14}
		{78B88AED-BFE1-4FFA-974E-B3667A805EF4} = {8D87595B-477C-46F0-A7E7-62A24F0E20B7}
		{A7D92A0A-0F18-441A-9EE3-457A9BCCF588} = {5F95D5F8-2D6B-4A70-9477-B3CFCCDDEEB9}
		{78F5D383-AF31-461F-9D2E-CFBC0BDC5502} = {2840CD55-EE1A-4265-A16C-35CB0866C42F}
		{5170D1F7-01AF-49E9-93AE-B8E18D5332B4} = {3C69514D-FAA5-41CA-8CF2-6D5CD09DFD29}
		{31EF9C3F-9804-4656-BE0A-AB2F388F2E13} = {3C69514D-FAA5-41CA-8CF2-6D5CD09DFD29}
		{B889CBD9-CDFE-4FBD-8416-CFFAC6A08BB9} = {22336269-8E2B-4C55-AA20-1017384D0CB8}
	EndGlobalSection
	GlobalSection(ExtensibilityGlobals) = postSolution
		SolutionGuid = {17B79478-306B-4440-B09E-EC3470670387}
	EndGlobalSection
EndGlobal
